{
    "name": "@saas/auth",
    "version": "0.0.0",
    "lockfileVersion": 3,
    "requires": true,
    "packages": {
        "": {
            "name": "@saas/auth",
            "version": "0.0.0",
            "dependencies": {
                "@casl/ability": "^6.7.1"
            },
            "devDependencies": {
                "@saas/eslint-config": "*",
                "@saas/prettier-config": "*",
                "@saas/typescript-config": "*"
            }
        },
        "node_modules/@casl/ability": {
            "version": "6.7.1",
            "license": "MIT",
            "dependencies": {
                "@ucast/mongo2js": "^1.3.0"
            },
            "funding": {
                "url": "https://github.com/stalniy/casl/blob/master/BACKERS.md"
            }
        },
        "node_modules/@saas/eslint-config": {
            "dev": true
        },
        "node_modules/@saas/prettier-config": {
            "dev": true
        },
        "node_modules/@saas/typescript-config": {
            "dev": true
        },
        "node_modules/@ucast/core": {
            "version": "1.10.2",
            "license": "Apache-2.0"
        },
        "node_modules/@ucast/js": {
            "version": "3.0.4",
            "license": "Apache-2.0",
            "dependencies": {
                "@ucast/core": "^1.0.0"
            }
        },
        "node_modules/@ucast/mongo": {
            "version": "2.4.3",
            "license": "Apache-2.0",
            "dependencies": {
                "@ucast/core": "^1.4.1"
            }
        },
        "node_modules/@ucast/mongo2js": {
            "version": "1.3.4",
            "license": "Apache-2.0",
            "dependencies": {
                "@ucast/core": "^1.6.1",
                "@ucast/js": "^3.0.0",
                "@ucast/mongo": "^2.4.0"
            }
        }
    }
}
